<?xml version="1.0" encoding="UTF-8" standalone="yes" ?>
<CodeBlocks_project_file>
	<FileVersion major="1" minor="6" />
	<Project>
		<Option title="SDL_GAME" />
		<Option pch_mode="2" />
		<Option compiler="gcc" />
		<Build>
			<Target title="Debug">
				<Option output="bin/Debug/SDL_GAME" prefix_auto="1" extension_auto="1" />
				<Option object_output="obj/Debug/" />
				<Option type="1" />
				<Option compiler="gcc" />
				<Compiler>
					<Add option="-g" />
				</Compiler>
			</Target>
			<Target title="Release">
				<Option output="bin/Release/SDL_GAME" prefix_auto="1" extension_auto="1" />
				<Option object_output="obj/Release/" />
				<Option type="1" />
				<Option compiler="gcc" />
				<Compiler>
					<Add option="-O2" />
				</Compiler>
				<Linker>
					<Add option="-s" />
				</Linker>
			</Target>
		</Build>
		<Compiler>
			<Add option="-Wall" />
		</Compiler>
		<Unit filename="FontLoader.cpp" />
		<Unit filename="FontLoader.h" />
		<Unit filename="Game.cpp" />
		<Unit filename="Game.h" />
		<Unit filename="HealthBar.cpp" />
		<Unit filename="HealthBar.h" />
		<Unit filename="Level.cpp" />
		<Unit filename="Level.h" />
		<Unit filename="MixerLoader.cpp" />
		<Unit filename="MixerLoader.h" />
		<Unit filename="TextureLoader.cpp" />
		<Unit filename="TextureLoader.h" />
		<Unit filename="Unit.cpp" />
		<Unit filename="Unit.h" />
		<Unit filename="Vector2D.cpp" />
		<Unit filename="Vector2D.h" />
		<Unit filename="highestPoint.txt" />
		<Unit filename="main.cpp" />
		<Unit filename="projectile.cpp" />
		<Unit filename="projectile.h" />
		<Unit filename="timer.cpp" />
		<Unit filename="timer.h" />
		<Unit filename="turret.cpp" />
		<Unit filename="turret.h" />
		<Extensions />
	</Project>
</CodeBlocks_project_file>
